lockfileVersion: 5.4

importers:

  app/flashcard:
    specifiers:
      edk: workspace:^1.0.0
    dependencies:
      edk: link:../../util/edk

  app/stock:
    specifiers:
      edk: workspace:^1.0.0
    dependencies:
      edk: link:../../util/edk

  app/time-mgt:
    specifiers:
      edk: workspace:^1.0.0
    dependencies:
      edk: link:../../util/edk

  app/todo-list:
    specifiers:
      edk: workspace:^1.0.0
    dependencies:
      edk: link:../../util/edk

  app/user-center:
    specifiers:
      edk: workspace:^1.0.0
    dependencies:
      edk: link:../../util/edk

  gateway/yingxv:
    specifiers:
      edk: workspace:^1.0.0
    dependencies:
      edk: link:../../util/edk

  util/edk:
    specifiers: {}
